
Microsoft Visual Studio Solution File, Format Version 12.00
# Visual Studio 14
VisualStudioVersion = 14.0.25420.1
MinimumVisualStudioVersion = 10.0.40219.1
Project("{FAE04EC0-301F-11D3-BF4B-00C04F79EFBC}") = "Project2a", "Project2a\Project2a.csproj", "{B62E27C0-FF2C-4142-A8AF-37C599CA7B32}"
EndProject
Project("{FAE04EC0-301F-11D3-BF4B-00C04F79EFBC}") = "Project2aTests", "Project2aTests\Project2aTests.csproj", "{48682CB4-8575-4B9D-81BC-5E9BB05300E3}"
EndProject
Global
	GlobalSection(SolutionConfigurationPlatforms) = preSolution
		Debug|Any CPU = Debug|Any CPU
		Release|Any CPU = Release|Any CPU
	EndGlobalSection
	GlobalSection(ProjectConfigurationPlatforms) = postSolution
		{B62E27C0-FF2C-4142-A8AF-37C599CA7B32}.Debug|Any CPU.ActiveCfg = Debug|Any CPU
		{B62E27C0-FF2C-4142-A8AF-37C599CA7B32}.Debug|Any CPU.Build.0 = Debug|Any CPU
		{B62E27C0-FF2C-4142-A8AF-37C599CA7B32}.Release|Any CPU.ActiveCfg = Release|Any CPU
		{B62E27C0-FF2C-4142-A8AF-37C599CA7B32}.Release|Any CPU.Build.0 = Release|Any CPU
		{48682CB4-8575-4B9D-81BC-5E9BB05300E3}.Debug|Any CPU.ActiveCfg = Debug|Any CPU
		{48682CB4-8575-4B9D-81BC-5E9BB05300E3}.Debug|Any CPU.Build.0 = Debug|Any CPU
		{48682CB4-8575-4B9D-81BC-5E9BB05300E3}.Release|Any CPU.ActiveCfg = Release|Any CPU
		{48682CB4-8575-4B9D-81BC-5E9BB05300E3}.Release|Any CPU.Build.0 = Release|Any CPU
	EndGlobalSection
	GlobalSection(SolutionProperties) = preSolution
		HideSolutionNode = FALSE
	EndGlobalSection
EndGlobal
